// !$*UTF8*$!
{
	archiveVersion = 1;
	classes = {
	};
	objectVersion = 46;
	objects = {

/* Begin PBXBuildFile section */
		01806C0555F0C844941A30A2 /* Pods_TwitterClient.framework in Frameworks */ = {isa = PBXBuildFile; fileRef = 20B4FE3319C98DB16CE0CACF /* Pods_TwitterClient.framework */; };
		99DC080E1EA17BF900F9064F /* AppDelegate.swift in Sources */ = {isa = PBXBuildFile; fileRef = 99DC080D1EA17BF900F9064F /* AppDelegate.swift */; };
		99DC08101EA17BF900F9064F /* ViewController.swift in Sources */ = {isa = PBXBuildFile; fileRef = 99DC080F1EA17BF900F9064F /* ViewController.swift */; };
		99DC08131EA17BF900F9064F /* Main.storyboard in Resources */ = {isa = PBXBuildFile; fileRef = 99DC08111EA17BF900F9064F /* Main.storyboard */; };
		99DC08151EA17BF900F9064F /* Assets.xcassets in Resources */ = {isa = PBXBuildFile; fileRef = 99DC08141EA17BF900F9064F /* Assets.xcassets */; };
		99DC08181EA17BFA00F9064F /* LaunchScreen.storyboard in Resources */ = {isa = PBXBuildFile; fileRef = 99DC08161EA17BFA00F9064F /* LaunchScreen.storyboard */; };
		99DC08201EA17E4400F9064F /* LoginViewController.swift in Sources */ = {isa = PBXBuildFile; fileRef = 99DC081F1EA17E4400F9064F /* LoginViewController.swift */; };
/* End PBXBuildFile section */

/* Begin PBXFileReference section */
		0C0EDE4061198AF5C2804320 /* Pods-TwitterClient.debug.xcconfig */ = {isa = PBXFileReference; includeInIndex = 1; lastKnownFileType = text.xcconfig; name = "Pods-TwitterClient.debug.xcconfig"; path = "Pods/Target Support Files/Pods-TwitterClient/Pods-TwitterClient.debug.xcconfig"; sourceTree = "<group>"; };
		20B4FE3319C98DB16CE0CACF /* Pods_TwitterClient.framework */ = {isa = PBXFileReference; explicitFileType = wrapper.framework; includeInIndex = 0; path = Pods_TwitterClient.framework; sourceTree = BUILT_PRODUCTS_DIR; };
		99DC080A1EA17BF900F9064F /* TwitterClient.app */ = {isa = PBXFileReference; explicitFileType = wrapper.application; includeInIndex = 0; path = TwitterClient.app; sourceTree = BUILT_PRODUCTS_DIR; };
		99DC080D1EA17BF900F9064F /* AppDelegate.swift */ = {isa = PBXFileReference; lastKnownFileType = sourcecode.swift; path = AppDelegate.swift; sourceTree = "<group>"; };
		99DC080F1EA17BF900F9064F /* ViewController.swift */ = {isa = PBXFileReference; lastKnownFileType = sourcecode.swift; path = ViewController.swift; sourceTree = "<group>"; };
		99DC08121EA17BF900F9064F /* Base */ = {isa = PBXFileReference; lastKnownFileType = file.storyboard; name = Base; path = Base.lproj/Main.storyboard; sourceTree = "<group>"; };
		99DC08141EA17BF900F9064F /* Assets.xcassets */ = {isa = PBXFileReference; lastKnownFileType = folder.assetcatalog; path = Assets.xcassets; sourceTree = "<group>"; };
		99DC08171EA17BFA00F9064F /* Base */ = {isa = PBXFileReference; lastKnownFileType = file.storyboard; name = Base; path = Base.lproj/LaunchScreen.storyboard; sourceTree = "<group>"; };
		99DC08191EA17BFA00F9064F /* Info.plist */ = {isa = PBXFileReference; lastKnownFileType = text.plist.xml; path = Info.plist; sourceTree = "<group>"; };
		99DC081F1EA17E4400F9064F /* LoginViewController.swift */ = {isa = PBXFileReference; fileEncoding = 4; lastKnownFileType = sourcecode.swift; path = LoginViewController.swift; sourceTree = "<group>"; };
		B34D65CDD60F770E0433EE5A /* Pods-TwitterClient.release.xcconfig */ = {isa = PBXFileReference; includeInIndex = 1; lastKnownFileType = text.xcconfig; name = "Pods-TwitterClient.release.xcconfig"; path = "Pods/Target Support Files/Pods-TwitterClient/Pods-TwitterClient.release.xcconfig"; sourceTree = "<group>"; };
/* End PBXFileReference section */

/* Begin PBXFrameworksBuildPhase section */
		99DC08071EA17BF900F9064F /* Frameworks */ = {
			isa = PBXFrameworksBuildPhase;
			buildActionMask = 2147483647;
			files = (
				01806C0555F0C844941A30A2 /* Pods_TwitterClient.framework in Frameworks */,
			);
			runOnlyForDeploymentPostprocessing = 0;
		};
/* End PBXFrameworksBuildPhase section */

/* Begin PBXGroup section */
		03CA014273714DC337071B66 /* Pods */ = {
			isa = PBXGroup;
			children = (
				0C0EDE4061198AF5C2804320 /* Pods-TwitterClient.debug.xcconfig */,
				B34D65CDD60F770E0433EE5A /* Pods-TwitterClient.release.xcconfig */,
			);
			name = Pods;
			sourceTree = "<group>";
		};
		7A2BF0DCB3BE1ED6754DB7C8 /* Frameworks */ = {
			isa = PBXGroup;
			children = (
				20B4FE3319C98DB16CE0CACF /* Pods_TwitterClient.framework */,
			);
			name = Frameworks;
			sourceTree = "<group>";
		};
		99DC08011EA17BF900F9064F = {
			isa = PBXGroup;
			children = (
				99DC080C1EA17BF900F9064F /* TwitterClient */,
				99DC080B1EA17BF900F9064F /* Products */,
				03CA014273714DC337071B66 /* Pods */,
				7A2BF0DCB3BE1ED6754DB7C8 /* Frameworks */,
			);
			sourceTree = "<group>";
		};
		99DC080B1EA17BF900F9064F /* Products */ = {
			isa = PBXGroup;
			children = (
				99DC080A1EA17BF900F9064F /* TwitterClient.app */,
			);
			name = Products;
			sourceTree = "<group>";
		};
		99DC080C1EA17BF900F9064F /* TwitterClient */ = {
			isa = PBXGroup;
			children = (
				99DC080D1EA17BF900F9064F /* AppDelegate.swift */,
				99DC080F1EA17BF900F9064F /* ViewController.swift */,
				99DC08111EA17BF900F9064F /* Main.storyboard */,
				99DC08141EA17BF900F9064F /* Assets.xcassets */,
				99DC08161EA17BFA00F9064F /* LaunchScreen.storyboard */,
				99DC08191EA17BFA00F9064F /* Info.plist */,
				99DC081F1EA17E4400F9064F /* LoginViewController.swift */,
			);
			path = TwitterClient;
			sourceTree = "<group>";
		};
/* End PBXGroup section */

/* Begin PBXNativeTarget section */
		99DC08091EA17BF900F9064F /* TwitterClient */ = {
			isa = PBXNativeTarget;
			buildConfigurationList = 99DC081C1EA17BFA00F9064F /* Build configuration list for PBXNativeTarget "TwitterClient" */;
			buildPhases = (
				D28CA6DF3334687552DBFACD /* [CP] Check Pods Manifest.lock */,
				99DC08061EA17BF900F9064F /* Sources */,
				99DC08071EA17BF900F9064F /* Frameworks */,
				99DC08081EA17BF900F9064F /* Resources */,
				ED924DC90B0CB781E42DD54C /* [CP] Embed Pods Frameworks */,
				7DF0E819C26DBC4A00247F4E /* [CP] Copy Pods Resources */,
			);
			buildRules = (
			);
			dependencies = (
			);
			name = TwitterClient;
			productName = TwitterClient;
			productReference = 99DC080A1EA17BF900F9064F /* TwitterClient.app */;
			productType = "com.apple.product-type.application";
		};
/* End PBXNativeTarget section */

/* Begin PBXProject section */
		99DC08021EA17BF900F9064F /* Project object */ = {
			isa = PBXProject;
			attributes = {
				LastSwiftUpdateCheck = 0820;
				LastUpgradeCheck = 0820;
				ORGANIZATIONNAME = "Sabareesh Kappagantu";
				TargetAttributes = {
					99DC08091EA17BF900F9064F = {
						CreatedOnToolsVersion = 8.2.1;
						DevelopmentTeam = T8EV243LZA;
						ProvisioningStyle = Automatic;
					};
				};
			};
			buildConfigurationList = 99DC08051EA17BF900F9064F /* Build configuration list for PBXProject "TwitterClient" */;
			compatibilityVersion = "Xcode 3.2";
			developmentRegion = English;
			hasScannedForEncodings = 0;
			knownRegions = (
				en,
				Base,
			);
			mainGroup = 99DC08011EA17BF900F9064F;
			productRefGroup = 99DC080B1EA17BF900F9064F /* Products */;
			projectDirPath = "";
			projectRoot = "";
			targets = (
				99DC08091EA17BF900F9064F /* TwitterClient */,
			);
		};
/* End PBXProject section */

/* Begin PBXResourcesBuildPhase section */
		99DC08081EA17BF900F9064F /* Resources */ = {
			isa = PBXResourcesBuildPhase;
			buildActionMask = 2147483647;
			files = (
				99DC08181EA17BFA00F9064F /* LaunchScreen.storyboard in Resources */,
				99DC08151EA17BF900F9064F /* Assets.xcassets in Resources */,
				99DC08131EA17BF900F9064F /* Main.storyboard in Resources */,
			);
			runOnlyForDeploymentPostprocessing = 0;
		};
/* End PBXResourcesBuildPhase section */

/* Begin PBXShellScriptBuildPhase section */
		7DF0E819C26DBC4A00247F4E /* [CP] Copy Pods Resources */ = {
			isa = PBXShellScriptBuildPhase;
			buildActionMask = 2147483647;
			files = (
			);
			inputPaths = (
			);
			name = "[CP] Copy Pods Resources";
			outputPaths = (
			);
			runOnlyForDeploymentPostprocessing = 0;
			shellPath = /bin/sh;
			shellScript = "\"${SRCROOT}/Pods/Target Support Files/Pods-TwitterClient/Pods-TwitterClient-resources.sh\"\n";
			showEnvVarsInLog = 0;
		};
		D28CA6DF3334687552DBFACD /* [CP] Check Pods Manifest.lock */ = {
			isa = PBXShellScriptBuildPhase;
			buildActionMask = 2147483647;
			files = (
			);
			inputPaths = (
			);
			name = "[CP] Check Pods Manifest.lock";
			outputPaths = (
			);
			runOnlyForDeploymentPostprocessing = 0;
			shellPath = /bin/sh;
			shellScript = "diff \"${PODS_ROOT}/../Podfile.lock\" \"${PODS_ROOT}/Manifest.lock\" > /dev/null\nif [ $? != 0 ] ; then\n    # print error to STDERR\n    echo \"error: The sandbox is not in sync with the Podfile.lock. Run 'pod install' or update your CocoaPods installation.\" >&2\n    exit 1\nfi\n";
			showEnvVarsInLog = 0;
		};
		ED924DC90B0CB781E42DD54C /* [CP] Embed Pods Frameworks */ = {
			isa = PBXShellScriptBuildPhase;
			buildActionMask = 2147483647;
			files = (
			);
			inputPaths = (
			);
			name = "[CP] Embed Pods Frameworks";
			outputPaths = (
			);
			runOnlyForDeploymentPostprocessing = 0;
			shellPath = /bin/sh;
			shellScript = "\"${SRCROOT}/Pods/Target Support Files/Pods-TwitterClient/Pods-TwitterClient-frameworks.sh\"\n";
			showEnvVarsInLog = 0;
		};
/* End PBXShellScriptBuildPhase section */

/* Begin PBXSourcesBuildPhase section */
		99DC08061EA17BF900F9064F /* Sources */ = {
			isa = PBXSourcesBuildPhase;
			buildActionMask = 2147483647;
			files = (
				99DC08201EA17E4400F9064F /* LoginViewController.swift in Sources */,
				99DC08101EA17BF900F9064F /* ViewController.swift in Sources */,
				99DC080E1EA17BF900F9064F /* AppDelegate.swift in Sources */,
			);
			runOnlyForDeploymentPostprocessing = 0;
		};
/* End PBXSourcesBuildPhase section */

/* Begin PBXVariantGroup section */
		99DC08111EA17BF900F9064F /* Main.storyboard */ = {
			isa = PBXVariantGroup;
			children = (
				99DC08121EA17BF900F9064F /* Base */,
			);
			name = Main.storyboard;
			sourceTree = "<group>";
		};
		99DC08161EA17BFA00F9064F /* LaunchScreen.storyboard */ = {
			isa = PBXVariantGroup;
			children = (
				99DC08171EA17BFA00F9064F /* Base */,
			);
			name = LaunchScreen.storyboard;
			sourceTree = "<group>";
		};
/* End PBXVariantGroup section */

/* Begin XCBuildConfiguration section */
		99DC081A1EA17BFA00F9064F /* Debug */ = {
			isa = XCBuildConfiguration;
			buildSettings = {
				ALWAYS_SEARCH_USER_PATHS = NO;
				CLANG_ANALYZER_NONNULL = YES;
				CLANG_CXX_LANGUAGE_STANDARD = "gnu++0x";
				CLANG_CXX_LIBRARY = "libc++";
				CLANG_ENABLE_MODULES = YES;
				CLANG_ENABLE_OBJC_ARC = YES;
				CLANG_WARN_BOOL_CONVERSION = YES;
				CLANG_WARN_CONSTANT_CONVERSION = YES;
				CLANG_WARN_DIRECT_OBJC_ISA_USAGE = YES_ERROR;
				CLANG_WARN_DOCUMENTATION_COMMENTS = YES;
				CLANG_WARN_EMPTY_BODY = YES;
				CLANG_WARN_ENUM_CONVERSION = YES;
				CLANG_WARN_INFINITE_RECURSION = YES;
				CLANG_WARN_INT_CONVERSION = YES;
				CLANG_WARN_OBJC_ROOT_CLASS = YES_ERROR;
				CLANG_WARN_SUSPICIOUS_MOVE = YES;
				CLANG_WARN_UNREACHABLE_CODE = YES;
				CLANG_WARN__DUPLICATE_METHOD_MATCH = YES;
				"CODE_SIGN_IDENTITY[sdk=iphoneos*]" = "iPhone Developer";
				COPY_PHASE_STRIP = NO;
				DEBUG_INFORMATION_FORMAT = dwarf;
				ENABLE_STRICT_OBJC_MSGSEND = YES;
				ENABLE_TESTABILITY = YES;
				GCC_C_LANGUAGE_STANDARD = gnu99;
				GCC_DYNAMIC_NO_PIC = NO;
				GCC_NO_COMMON_BLOCKS = YES;
				GCC_OPTIMIZATION_LEVEL = 0;
				GCC_PREPROCESSOR_DEFINITIONS = (
					"DEBUG=1",
					"$(inherited)",
				);
				GCC_WARN_64_TO_32_BIT_CONVERSION = YES;
				GCC_WARN_ABOUT_RETURN_TYPE = YES_ERROR;
				GCC_WARN_UNDECLARED_SELECTOR = YES;
				GCC_WARN_UNINITIALIZED_AUTOS = YES_AGGRESSIVE;
				GCC_WARN_UNUSED_FUNCTION = YES;
				GCC_WARN_UNUSED_VARIABLE = YES;
				IPHONEOS_DEPLOYMENT_TARGET = 10.2;
				MTL_ENABLE_DEBUG_INFO = YES;
				ONLY_ACTIVE_ARCH = YES;
				SDKROOT = iphoneos;
				SWIFT_ACTIVE_COMPILATION_CONDITIONS = DEBUG;
				SWIFT_OPTIMIZATION_LEVEL = "-Onone";
			};
			name = Debug;
		};
		99DC081B1EA17BFA00F9064F /* Release */ = {
			isa = XCBuildConfiguration;
			buildSettings = {
				ALWAYS_SEARCH_USER_PATHS = NO;
				CLANG_ANALYZER_NONNULL = YES;
				CLANG_CXX_LANGUAGE_STANDARD = "gnu++0x";
				CLANG_CXX_LIBRARY = "libc++";
				CLANG_ENABLE_MODULES = YES;
				CLANG_ENABLE_OBJC_ARC = YES;
				CLANG_WARN_BOOL_CONVERSION = YES;
				CLANG_WARN_CONSTANT_CONVERSION = YES;
				CLANG_WARN_DIRECT_OBJC_ISA_USAGE = YES_ERROR;
				CLANG_WARN_DOCUMENTATION_COMMENTS = YES;
				CLANG_WARN_EMPTY_BODY = YES;
				CLANG_WARN_ENUM_CONVERSION = YES;
				CLANG_WARN_INFINITE_RECURSION = YES;
				CLANG_WARN_INT_CONVERSION = YES;
				CLANG_WARN_OBJC_ROOT_CLASS = YES_ERROR;
				CLANG_WARN_SUSPICIOUS_MOVE = YES;
				CLANG_WARN_UNREACHABLE_CODE = YES;
				CLANG_WARN__DUPLICATE_METHOD_MATCH = YES;
				"CODE_SIGN_IDENTITY[sdk=iphoneos*]" = "iPhone Developer";
				COPY_PHASE_STRIP = NO;
				DEBUG_INFORMATION_FORMAT = "dwarf-with-dsym";
				ENABLE_NS_ASSERTIONS = NO;
				ENABLE_STRICT_OBJC_MSGSEND = YES;
				GCC_C_LANGUAGE_STANDARD = gnu99;
				GCC_NO_COMMON_BLOCKS = YES;
				GCC_WARN_64_TO_32_BIT_CONVERSION = YES;
				GCC_WARN_ABOUT_RETURN_TYPE = YES_ERROR;
				GCC_WARN_UNDECLARED_SELECTOR = YES;
				GCC_WARN_UNINITIALIZED_AUTOS = YES_AGGRESSIVE;
				GCC_WARN_UNUSED_FUNCTION = YES;
				GCC_WARN_UNUSED_VARIABLE = YES;
				IPHONEOS_DEPLOYMENT_TARGET = 10.2;
				MTL_ENABLE_DEBUG_INFO = NO;
				SDKROOT = iphoneos;
				SWIFT_OPTIMIZATION_LEVEL = "-Owholemodule";
				VALIDATE_PRODUCT = YES;
			};
			name = Release;
		};
		99DC081D1EA17BFA00F9064F /* Debug */ = {
			isa = XCBuildConfiguration;
			baseConfigurationReference = 0C0EDE4061198AF5C2804320 /* Pods-TwitterClient.debug.xcconfig */;
			buildSettings = {
				ASSETCATALOG_COMPILER_APPICON_NAME = AppIcon;
				DEVELOPMENT_TEAM = T8EV243LZA;
				INFOPLIST_FILE = TwitterClient/Info.plist;
				LD_RUNPATH_SEARCH_PATHS = "$(inherited) @executable_path/Frameworks";
				PRODUCT_BUNDLE_IDENTIFIER = com.sbrsh.TwitterClient;
				PRODUCT_NAME = "$(TARGET_NAME)";
				SWIFT_VERSION = 3.0;
			};
			name = Debug;
		};
		99DC081E1EA17BFA00F9064F /* Release */ = {
			isa = XCBuildConfiguration;
			baseConfigurationReference = B34D65CDD60F770E0433EE5A /* Pods-TwitterClient.release.xcconfig */;
			buildSettings = {
				ASSETCATALOG_COMPILER_APPICON_NAME = AppIcon;
				DEVELOPMENT_TEAM = T8EV243LZA;
				INFOPLIST_FILE = TwitterClient/Info.plist;
				LD_RUNPATH_SEARCH_PATHS = "$(inherited) @executable_path/Frameworks";
				PRODUCT_BUNDLE_IDENTIFIER = com.sbrsh.TwitterClient;
				PRODUCT_NAME = "$(TARGET_NAME)";
				SWIFT_VERSION = 3.0;
			};
			name = Release;
		};
/* End XCBuildConfiguration section */

/* Begin XCConfigurationList section */
		99DC08051EA17BF900F9064F /* Build configuration list for PBXProject "TwitterClient" */ = {
			isa = XCConfigurationList;
			buildConfigurations = (
				99DC081A1EA17BFA00F9064F /* Debug */,
				99DC081B1EA17BFA00F9064F /* Release */,
			);
			defaultConfigurationIsVisible = 0;
			defaultConfigurationName = Release;
		};
		99DC081C1EA17BFA00F9064F /* Build configuration list for PBXNativeTarget "TwitterClient" */ = {
			isa = XCConfigurationList;
			buildConfigurations = (
				99DC081D1EA17BFA00F9064F /* Debug */,
				99DC081E1EA17BFA00F9064F /* Release */,
			);
			defaultConfigurationIsVisible = 0;
			defaultConfigurationName = Release;
		};
/* End XCConfigurationList section */
	};
	rootObject = 99DC08021EA17BF900F9064F /* Project object */;
}
